// !$*UTF8*$!
{
	archiveVersion = 1;
	classes = {
	};
	objectVersion = 46;
	objects = {

/* Begin PBXBuildFile section */
		045C3E4E1CE46DE700F745E5 /* ClosuresViewController.swift in Sources */ = {isa = PBXBuildFile; fileRef = 045C3E4D1CE46DE700F745E5 /* ClosuresViewController.swift */; };
		04F03A651C9BE249003A462A /* AppDelegate.swift in Sources */ = {isa = PBXBuildFile; fileRef = 04F03A641C9BE249003A462A /* AppDelegate.swift */; };
		04F03A671C9BE249003A462A /* ViewController.swift in Sources */ = {isa = PBXBuildFile; fileRef = 04F03A661C9BE249003A462A /* ViewController.swift */; };
		04F03A6A1C9BE249003A462A /* Main.storyboard in Resources */ = {isa = PBXBuildFile; fileRef = 04F03A681C9BE249003A462A /* Main.storyboard */; };
		04F03A6C1C9BE249003A462A /* Assets.xcassets in Resources */ = {isa = PBXBuildFile; fileRef = 04F03A6B1C9BE249003A462A /* Assets.xcassets */; };
		04F03A6F1C9BE249003A462A /* LaunchScreen.storyboard in Resources */ = {isa = PBXBuildFile; fileRef = 04F03A6D1C9BE249003A462A /* LaunchScreen.storyboard */; };
		04F03A7A1C9BE249003A462A /* SwiftBasisDemoTests.swift in Sources */ = {isa = PBXBuildFile; fileRef = 04F03A791C9BE249003A462A /* SwiftBasisDemoTests.swift */; };
		04F03A851C9BE249003A462A /* SwiftBasisDemoUITests.swift in Sources */ = {isa = PBXBuildFile; fileRef = 04F03A841C9BE249003A462A /* SwiftBasisDemoUITests.swift */; };
		04F03A9C1C9BE2DF003A462A /* L01ViewController.swift in Sources */ = {isa = PBXBuildFile; fileRef = 04F03A921C9BE2DF003A462A /* L01ViewController.swift */; };
		04F03A9D1C9BE2DF003A462A /* L02VarsAndContantsViewController.swift in Sources */ = {isa = PBXBuildFile; fileRef = 04F03A931C9BE2DF003A462A /* L02VarsAndContantsViewController.swift */; };
		04F03A9E1C9BE2DF003A462A /* L03TypesViewController.swift in Sources */ = {isa = PBXBuildFile; fileRef = 04F03A941C9BE2DF003A462A /* L03TypesViewController.swift */; };
		04F03A9F1C9BE2DF003A462A /* L04StringsViewController.swift in Sources */ = {isa = PBXBuildFile; fileRef = 04F03A951C9BE2DF003A462A /* L04StringsViewController.swift */; };
		04F03AA01C9BE2DF003A462A /* L05ArrayViewController.swift in Sources */ = {isa = PBXBuildFile; fileRef = 04F03A961C9BE2DF003A462A /* L05ArrayViewController.swift */; };
		04F03AA11C9BE2DF003A462A /* L06DictViewController.swift in Sources */ = {isa = PBXBuildFile; fileRef = 04F03A971C9BE2DF003A462A /* L06DictViewController.swift */; };
		04F03AA21C9BE2DF003A462A /* L07LoopViewController.swift in Sources */ = {isa = PBXBuildFile; fileRef = 04F03A981C9BE2DF003A462A /* L07LoopViewController.swift */; };
		04F03AA31C9BE2DF003A462A /* L08FlowViewController.swift in Sources */ = {isa = PBXBuildFile; fileRef = 04F03A991C9BE2DF003A462A /* L08FlowViewController.swift */; };
		04F03AA41C9BE2DF003A462A /* L09FuncViewController.swift in Sources */ = {isa = PBXBuildFile; fileRef = 04F03A9A1C9BE2DF003A462A /* L09FuncViewController.swift */; };
		04F03AA51C9BE2DF003A462A /* L10OOViewController.swift in Sources */ = {isa = PBXBuildFile; fileRef = 04F03A9B1C9BE2DF003A462A /* L10OOViewController.swift */; };
/* End PBXBuildFile section */

/* Begin PBXContainerItemProxy section */
		04F03A761C9BE249003A462A /* PBXContainerItemProxy */ = {
			isa = PBXContainerItemProxy;
			containerPortal = 04F03A591C9BE249003A462A /* Project object */;
			proxyType = 1;
			remoteGlobalIDString = 04F03A601C9BE249003A462A;
			remoteInfo = SwiftBasisDemo;
		};
		04F03A811C9BE249003A462A /* PBXContainerItemProxy */ = {
			isa = PBXContainerItemProxy;
			containerPortal = 04F03A591C9BE249003A462A /* Project object */;
			proxyType = 1;
			remoteGlobalIDString = 04F03A601C9BE249003A462A;
			remoteInfo = SwiftBasisDemo;
		};
/* End PBXContainerItemProxy section */

/* Begin PBXFileReference section */
		045C3E4D1CE46DE700F745E5 /* ClosuresViewController.swift */ = {isa = PBXFileReference; fileEncoding = 4; lastKnownFileType = sourcecode.swift; path = ClosuresViewController.swift; sourceTree = "<group>"; };
		04F03A611C9BE249003A462A /* SwiftBasisDemo.app */ = {isa = PBXFileReference; explicitFileType = wrapper.application; includeInIndex = 0; path = SwiftBasisDemo.app; sourceTree = BUILT_PRODUCTS_DIR; };
		04F03A641C9BE249003A462A /* AppDelegate.swift */ = {isa = PBXFileReference; lastKnownFileType = sourcecode.swift; path = AppDelegate.swift; sourceTree = "<group>"; };
		04F03A661C9BE249003A462A /* ViewController.swift */ = {isa = PBXFileReference; lastKnownFileType = sourcecode.swift; path = ViewController.swift; sourceTree = "<group>"; };
		04F03A691C9BE249003A462A /* Base */ = {isa = PBXFileReference; lastKnownFileType = file.storyboard; name = Base; path = Base.lproj/Main.storyboard; sourceTree = "<group>"; };
		04F03A6B1C9BE249003A462A /* Assets.xcassets */ = {isa = PBXFileReference; lastKnownFileType = folder.assetcatalog; path = Assets.xcassets; sourceTree = "<group>"; };
		04F03A6E1C9BE249003A462A /* Base */ = {isa = PBXFileReference; lastKnownFileType = file.storyboard; name = Base; path = Base.lproj/LaunchScreen.storyboard; sourceTree = "<group>"; };
		04F03A701C9BE249003A462A /* Info.plist */ = {isa = PBXFileReference; lastKnownFileType = text.plist.xml; path = Info.plist; sourceTree = "<group>"; };
		04F03A751C9BE249003A462A /* SwiftBasisDemoTests.xctest */ = {isa = PBXFileReference; explicitFileType = wrapper.cfbundle; includeInIndex = 0; path = SwiftBasisDemoTests.xctest; sourceTree = BUILT_PRODUCTS_DIR; };
		04F03A791C9BE249003A462A /* SwiftBasisDemoTests.swift */ = {isa = PBXFileReference; lastKnownFileType = sourcecode.swift; path = SwiftBasisDemoTests.swift; sourceTree = "<group>"; };
		04F03A7B1C9BE249003A462A /* Info.plist */ = {isa = PBXFileReference; lastKnownFileType = text.plist.xml; path = Info.plist; sourceTree = "<group>"; };
		04F03A801C9BE249003A462A /* SwiftBasisDemoUITests.xctest */ = {isa = PBXFileReference; explicitFileType = wrapper.cfbundle; includeInIndex = 0; path = SwiftBasisDemoUITests.xctest; sourceTree = BUILT_PRODUCTS_DIR; };
		04F03A841C9BE249003A462A /* SwiftBasisDemoUITests.swift */ = {isa = PBXFileReference; lastKnownFileType = sourcecode.swift; path = SwiftBasisDemoUITests.swift; sourceTree = "<group>"; };
		04F03A861C9BE249003A462A /* Info.plist */ = {isa = PBXFileReference; lastKnownFileType = text.plist.xml; path = Info.plist; sourceTree = "<group>"; };
		04F03A921C9BE2DF003A462A /* L01ViewController.swift */ = {isa = PBXFileReference; fileEncoding = 4; lastKnownFileType = sourcecode.swift; path = L01ViewController.swift; sourceTree = "<group>"; };
		04F03A931C9BE2DF003A462A /* L02VarsAndContantsViewController.swift */ = {isa = PBXFileReference; fileEncoding = 4; lastKnownFileType = sourcecode.swift; path = L02VarsAndContantsViewController.swift; sourceTree = "<group>"; };
		04F03A941C9BE2DF003A462A /* L03TypesViewController.swift */ = {isa = PBXFileReference; fileEncoding = 4; lastKnownFileType = sourcecode.swift; path = L03TypesViewController.swift; sourceTree = "<group>"; };
		04F03A951C9BE2DF003A462A /* L04StringsViewController.swift */ = {isa = PBXFileReference; fileEncoding = 4; lastKnownFileType = sourcecode.swift; path = L04StringsViewController.swift; sourceTree = "<group>"; };
		04F03A961C9BE2DF003A462A /* L05ArrayViewController.swift */ = {isa = PBXFileReference; fileEncoding = 4; lastKnownFileType = sourcecode.swift; path = L05ArrayViewController.swift; sourceTree = "<group>"; };
		04F03A971C9BE2DF003A462A /* L06DictViewController.swift */ = {isa = PBXFileReference; fileEncoding = 4; lastKnownFileType = sourcecode.swift; path = L06DictViewController.swift; sourceTree = "<group>"; };
		04F03A981C9BE2DF003A462A /* L07LoopViewController.swift */ = {isa = PBXFileReference; fileEncoding = 4; lastKnownFileType = sourcecode.swift; path = L07LoopViewController.swift; sourceTree = "<group>"; };
		04F03A991C9BE2DF003A462A /* L08FlowViewController.swift */ = {isa = PBXFileReference; fileEncoding = 4; lastKnownFileType = sourcecode.swift; path = L08FlowViewController.swift; sourceTree = "<group>"; };
		04F03A9A1C9BE2DF003A462A /* L09FuncViewController.swift */ = {isa = PBXFileReference; fileEncoding = 4; lastKnownFileType = sourcecode.swift; path = L09FuncViewController.swift; sourceTree = "<group>"; };
		04F03A9B1C9BE2DF003A462A /* L10OOViewController.swift */ = {isa = PBXFileReference; fileEncoding = 4; lastKnownFileType = sourcecode.swift; path = L10OOViewController.swift; sourceTree = "<group>"; };
/* End PBXFileReference section */

/* Begin PBXFrameworksBuildPhase section */
		04F03A5E1C9BE249003A462A /* Frameworks */ = {
			isa = PBXFrameworksBuildPhase;
			buildActionMask = 2147483647;
			files = (
			);
			runOnlyForDeploymentPostprocessing = 0;
		};
		04F03A721C9BE249003A462A /* Frameworks */ = {
			isa = PBXFrameworksBuildPhase;
			buildActionMask = 2147483647;
			files = (
			);
			runOnlyForDeploymentPostprocessing = 0;
		};
		04F03A7D1C9BE249003A462A /* Frameworks */ = {
			isa = PBXFrameworksBuildPhase;
			buildActionMask = 2147483647;
			files = (
			);
			runOnlyForDeploymentPostprocessing = 0;
		};
/* End PBXFrameworksBuildPhase section */

/* Begin PBXGroup section */
		04F03A581C9BE249003A462A = {
			isa = PBXGroup;
			children = (
				04F03A631C9BE249003A462A /* SwiftBasisDemo */,
				04F03A781C9BE249003A462A /* SwiftBasisDemoTests */,
				04F03A831C9BE249003A462A /* SwiftBasisDemoUITests */,
				04F03A621C9BE249003A462A /* Products */,
			);
			sourceTree = "<group>";
		};
		04F03A621C9BE249003A462A /* Products */ = {
			isa = PBXGroup;
			children = (
				04F03A611C9BE249003A462A /* SwiftBasisDemo.app */,
				04F03A751C9BE249003A462A /* SwiftBasisDemoTests.xctest */,
				04F03A801C9BE249003A462A /* SwiftBasisDemoUITests.xctest */,
			);
			name = Products;
			sourceTree = "<group>";
		};
		04F03A631C9BE249003A462A /* SwiftBasisDemo */ = {
			isa = PBXGroup;
			children = (
				04F03A641C9BE249003A462A /* AppDelegate.swift */,
				04F03A661C9BE249003A462A /* ViewController.swift */,
				04F03A921C9BE2DF003A462A /* L01ViewController.swift */,
				04F03A931C9BE2DF003A462A /* L02VarsAndContantsViewController.swift */,
				04F03A941C9BE2DF003A462A /* L03TypesViewController.swift */,
				04F03A951C9BE2DF003A462A /* L04StringsViewController.swift */,
				04F03A961C9BE2DF003A462A /* L05ArrayViewController.swift */,
				04F03A971C9BE2DF003A462A /* L06DictViewController.swift */,
				04F03A981C9BE2DF003A462A /* L07LoopViewController.swift */,
				04F03A991C9BE2DF003A462A /* L08FlowViewController.swift */,
				04F03A9A1C9BE2DF003A462A /* L09FuncViewController.swift */,
				04F03A9B1C9BE2DF003A462A /* L10OOViewController.swift */,
				045C3E4D1CE46DE700F745E5 /* ClosuresViewController.swift */,
				04F03A681C9BE249003A462A /* Main.storyboard */,
				04F03A6B1C9BE249003A462A /* Assets.xcassets */,
				04F03A6D1C9BE249003A462A /* LaunchScreen.storyboard */,
				04F03A701C9BE249003A462A /* Info.plist */,
			);
			path = SwiftBasisDemo;
			sourceTree = "<group>";
		};
		04F03A781C9BE249003A462A /* SwiftBasisDemoTests */ = {
			isa = PBXGroup;
			children = (
				04F03A791C9BE249003A462A /* SwiftBasisDemoTests.swift */,
				04F03A7B1C9BE249003A462A /* Info.plist */,
			);
			path = SwiftBasisDemoTests;
			sourceTree = "<group>";
		};
		04F03A831C9BE249003A462A /* SwiftBasisDemoUITests */ = {
			isa = PBXGroup;
			children = (
				04F03A841C9BE249003A462A /* SwiftBasisDemoUITests.swift */,
				04F03A861C9BE249003A462A /* Info.plist */,
			);
			path = SwiftBasisDemoUITests;
			sourceTree = "<group>";
		};
/* End PBXGroup section */

/* Begin PBXNativeTarget section */
		04F03A601C9BE249003A462A /* SwiftBasisDemo */ = {
			isa = PBXNativeTarget;
			buildConfigurationList = 04F03A891C9BE249003A462A /* Build configuration list for PBXNativeTarget "SwiftBasisDemo" */;
			buildPhases = (
				04F03A5D1C9BE249003A462A /* Sources */,
				04F03A5E1C9BE249003A462A /* Frameworks */,
				04F03A5F1C9BE249003A462A /* Resources */,
			);
			buildRules = (
			);
			dependencies = (
			);
			name = SwiftBasisDemo;
			productName = SwiftBasisDemo;
			productReference = 04F03A611C9BE249003A462A /* SwiftBasisDemo.app */;
			productType = "com.apple.product-type.application";
		};
		04F03A741C9BE249003A462A /* SwiftBasisDemoTests */ = {
			isa = PBXNativeTarget;
			buildConfigurationList = 04F03A8C1C9BE249003A462A /* Build configuration list for PBXNativeTarget "SwiftBasisDemoTests" */;
			buildPhases = (
				04F03A711C9BE249003A462A /* Sources */,
				04F03A721C9BE249003A462A /* Frameworks */,
				04F03A731C9BE249003A462A /* Resources */,
			);
			buildRules = (
			);
			dependencies = (
				04F03A771C9BE249003A462A /* PBXTargetDependency */,
			);
			name = SwiftBasisDemoTests;
			productName = SwiftBasisDemoTests;
			productReference = 04F03A751C9BE249003A462A /* SwiftBasisDemoTests.xctest */;
			productType = "com.apple.product-type.bundle.unit-test";
		};
		04F03A7F1C9BE249003A462A /* SwiftBasisDemoUITests */ = {
			isa = PBXNativeTarget;
			buildConfigurationList = 04F03A8F1C9BE249003A462A /* Build configuration list for PBXNativeTarget "SwiftBasisDemoUITests" */;
			buildPhases = (
				04F03A7C1C9BE249003A462A /* Sources */,
				04F03A7D1C9BE249003A462A /* Frameworks */,
				04F03A7E1C9BE249003A462A /* Resources */,
			);
			buildRules = (
			);
			dependencies = (
				04F03A821C9BE249003A462A /* PBXTargetDependency */,
			);
			name = SwiftBasisDemoUITests;
			productName = SwiftBasisDemoUITests;
			productReference = 04F03A801C9BE249003A462A /* SwiftBasisDemoUITests.xctest */;
			productType = "com.apple.product-type.bundle.ui-testing";
		};
/* End PBXNativeTarget section */

/* Begin PBXProject section */
		04F03A591C9BE249003A462A /* Project object */ = {
			isa = PBXProject;
			attributes = {
				LastSwiftUpdateCheck = 0720;
				LastUpgradeCheck = 0720;
				ORGANIZATIONNAME = ZXD;
				TargetAttributes = {
					04F03A601C9BE249003A462A = {
						CreatedOnToolsVersion = 7.2;
					};
					04F03A741C9BE249003A462A = {
						CreatedOnToolsVersion = 7.2;
						TestTargetID = 04F03A601C9BE249003A462A;
					};
					04F03A7F1C9BE249003A462A = {
						CreatedOnToolsVersion = 7.2;
						TestTargetID = 04F03A601C9BE249003A462A;
					};
				};
			};
			buildConfigurationList = 04F03A5C1C9BE249003A462A /* Build configuration list for PBXProject "SwiftBasisDemo" */;
			compatibilityVersion = "Xcode 3.2";
			developmentRegion = English;
			hasScannedForEncodings = 0;
			knownRegions = (
				en,
				Base,
			);
			mainGroup = 04F03A581C9BE249003A462A;
			productRefGroup = 04F03A621C9BE249003A462A /* Products */;
			projectDirPath = "";
			projectRoot = "";
			targets = (
				04F03A601C9BE249003A462A /* SwiftBasisDemo */,
				04F03A741C9BE249003A462A /* SwiftBasisDemoTests */,
				04F03A7F1C9BE249003A462A /* SwiftBasisDemoUITests */,
			);
		};
/* End PBXProject section */

/* Begin PBXResourcesBuildPhase section */
		04F03A5F1C9BE249003A462A /* Resources */ = {
			isa = PBXResourcesBuildPhase;
			buildActionMask = 2147483647;
			files = (
				04F03A6F1C9BE249003A462A /* LaunchScreen.storyboard in Resources */,
				04F03A6C1C9BE249003A462A /* Assets.xcassets in Resources */,
				04F03A6A1C9BE249003A462A /* Main.storyboard in Resources */,
			);
			runOnlyForDeploymentPostprocessing = 0;
		};
		04F03A731C9BE249003A462A /* Resources */ = {
			isa = PBXResourcesBuildPhase;
			buildActionMask = 2147483647;
			files = (
			);
			runOnlyForDeploymentPostprocessing = 0;
		};
		04F03A7E1C9BE249003A462A /* Resources */ = {
			isa = PBXResourcesBuildPhase;
			buildActionMask = 2147483647;
			files = (
			);
			runOnlyForDeploymentPostprocessing = 0;
		};
/* End PBXResourcesBuildPhase section */

/* Begin PBXSourcesBuildPhase section */
		04F03A5D1C9BE249003A462A /* Sources */ = {
			isa = PBXSourcesBuildPhase;
			buildActionMask = 2147483647;
			files = (
				04F03AA01C9BE2DF003A462A /* L05ArrayViewController.swift in Sources */,
				04F03A671C9BE249003A462A /* ViewController.swift in Sources */,
				04F03AA51C9BE2DF003A462A /* L10OOViewController.swift in Sources */,
				04F03A9E1C9BE2DF003A462A /* L03TypesViewController.swift in Sources */,
				04F03AA11C9BE2DF003A462A /* L06DictViewController.swift in Sources */,
				04F03AA41C9BE2DF003A462A /* L09FuncViewController.swift in Sources */,
				04F03A651C9BE249003A462A /* AppDelegate.swift in Sources */,
				04F03A9C1C9BE2DF003A462A /* L01ViewController.swift in Sources */,
				04F03A9F1C9BE2DF003A462A /* L04StringsViewController.swift in Sources */,
				04F03AA31C9BE2DF003A462A /* L08FlowViewController.swift in Sources */,
				04F03AA21C9BE2DF003A462A /* L07LoopViewController.swift in Sources */,
				04F03A9D1C9BE2DF003A462A /* L02VarsAndContantsViewController.swift in Sources */,
				045C3E4E1CE46DE700F745E5 /* ClosuresViewController.swift in Sources */,
			);
			runOnlyForDeploymentPostprocessing = 0;
		};
		04F03A711C9BE249003A462A /* Sources */ = {
			isa = PBXSourcesBuildPhase;
			buildActionMask = 2147483647;
			files = (
				04F03A7A1C9BE249003A462A /* SwiftBasisDemoTests.swift in Sources */,
			);
			runOnlyForDeploymentPostprocessing = 0;
		};
		04F03A7C1C9BE249003A462A /* Sources */ = {
			isa = PBXSourcesBuildPhase;
			buildActionMask = 2147483647;
			files = (
				04F03A851C9BE249003A462A /* SwiftBasisDemoUITests.swift in Sources */,
			);
			runOnlyForDeploymentPostprocessing = 0;
		};
/* End PBXSourcesBuildPhase section */

/* Begin PBXTargetDependency section */
		04F03A771C9BE249003A462A /* PBXTargetDependency */ = {
			isa = PBXTargetDependency;
			target = 04F03A601C9BE249003A462A /* SwiftBasisDemo */;
			targetProxy = 04F03A761C9BE249003A462A /* PBXContainerItemProxy */;
		};
		04F03A821C9BE249003A462A /* PBXTargetDependency */ = {
			isa = PBXTargetDependency;
			target = 04F03A601C9BE249003A462A /* SwiftBasisDemo */;
			targetProxy = 04F03A811C9BE249003A462A /* PBXContainerItemProxy */;
		};
/* End PBXTargetDependency section */

/* Begin PBXVariantGroup section */
		04F03A681C9BE249003A462A /* Main.storyboard */ = {
			isa = PBXVariantGroup;
			children = (
				04F03A691C9BE249003A462A /* Base */,
			);
			name = Main.storyboard;
			sourceTree = "<group>";
		};
		04F03A6D1C9BE249003A462A /* LaunchScreen.storyboard */ = {
			isa = PBXVariantGroup;
			children = (
				04F03A6E1C9BE249003A462A /* Base */,
			);
			name = LaunchScreen.storyboard;
			sourceTree = "<group>";
		};
/* End PBXVariantGroup section */

/* Begin XCBuildConfiguration section */
		04F03A871C9BE249003A462A /* Debug */ = {
			isa = XCBuildConfiguration;
			buildSettings = {
				ALWAYS_SEARCH_USER_PATHS = NO;
				CLANG_CXX_LANGUAGE_STANDARD = "gnu++0x";
				CLANG_CXX_LIBRARY = "libc++";
				CLANG_ENABLE_MODULES = YES;
				CLANG_ENABLE_OBJC_ARC = YES;
				CLANG_WARN_BOOL_CONVERSION = YES;
				CLANG_WARN_CONSTANT_CONVERSION = YES;
				CLANG_WARN_DIRECT_OBJC_ISA_USAGE = YES_ERROR;
				CLANG_WARN_EMPTY_BODY = YES;
				CLANG_WARN_ENUM_CONVERSION = YES;
				CLANG_WARN_INT_CONVERSION = YES;
				CLANG_WARN_OBJC_ROOT_CLASS = YES_ERROR;
				CLANG_WARN_UNREACHABLE_CODE = YES;
				CLANG_WARN__DUPLICATE_METHOD_MATCH = YES;
				"CODE_SIGN_IDENTITY[sdk=iphoneos*]" = "iPhone Developer";
				COPY_PHASE_STRIP = NO;
				DEBUG_INFORMATION_FORMAT = dwarf;
				ENABLE_STRICT_OBJC_MSGSEND = YES;
				ENABLE_TESTABILITY = YES;
				GCC_C_LANGUAGE_STANDARD = gnu99;
				GCC_DYNAMIC_NO_PIC = NO;
				GCC_NO_COMMON_BLOCKS = YES;
				GCC_OPTIMIZATION_LEVEL = 0;
				GCC_PREPROCESSOR_DEFINITIONS = (
					"DEBUG=1",
					"$(inherited)",
				);
				GCC_WARN_64_TO_32_BIT_CONVERSION = YES;
				GCC_WARN_ABOUT_RETURN_TYPE = YES_ERROR;
				GCC_WARN_UNDECLARED_SELECTOR = YES;
				GCC_WARN_UNINITIALIZED_AUTOS = YES_AGGRESSIVE;
				GCC_WARN_UNUSED_FUNCTION = YES;
				GCC_WARN_UNUSED_VARIABLE = YES;
				IPHONEOS_DEPLOYMENT_TARGET = 9.2;
				MTL_ENABLE_DEBUG_INFO = YES;
				ONLY_ACTIVE_ARCH = YES;
				SDKROOT = iphoneos;
				SWIFT_OPTIMIZATION_LEVEL = "-Onone";
				TARGETED_DEVICE_FAMILY = "1,2";
			};
			name = Debug;
		};
		04F03A881C9BE249003A462A /* Release */ = {
			isa = XCBuildConfiguration;
			buildSettings = {
				ALWAYS_SEARCH_USER_PATHS = NO;
				CLANG_CXX_LANGUAGE_STANDARD = "gnu++0x";
				CLANG_CXX_LIBRARY = "libc++";
				CLANG_ENABLE_MODULES = YES;
				CLANG_ENABLE_OBJC_ARC = YES;
				CLANG_WARN_BOOL_CONVERSION = YES;
				CLANG_WARN_CONSTANT_CONVERSION = YES;
				CLANG_WARN_DIRECT_OBJC_ISA_USAGE = YES_ERROR;
				CLANG_WARN_EMPTY_BODY = YES;
				CLANG_WARN_ENUM_CONVERSION = YES;
				CLANG_WARN_INT_CONVERSION = YES;
				CLANG_WARN_OBJC_ROOT_CLASS = YES_ERROR;
				CLANG_WARN_UNREACHABLE_CODE = YES;
				CLANG_WARN__DUPLICATE_METHOD_MATCH = YES;
				"CODE_SIGN_IDENTITY[sdk=iphoneos*]" = "iPhone Developer";
				COPY_PHASE_STRIP = NO;
				DEBUG_INFORMATION_FORMAT = "dwarf-with-dsym";
				ENABLE_NS_ASSERTIONS = NO;
				ENABLE_STRICT_OBJC_MSGSEND = YES;
				GCC_C_LANGUAGE_STANDARD = gnu99;
				GCC_NO_COMMON_BLOCKS = YES;
				GCC_WARN_64_TO_32_BIT_CONVERSION = YES;
				GCC_WARN_ABOUT_RETURN_TYPE = YES_ERROR;
				GCC_WARN_UNDECLARED_SELECTOR = YES;
				GCC_WARN_UNINITIALIZED_AUTOS = YES_AGGRESSIVE;
				GCC_WARN_UNUSED_FUNCTION = YES;
				GCC_WARN_UNUSED_VARIABLE = YES;
				IPHONEOS_DEPLOYMENT_TARGET = 9.2;
				MTL_ENABLE_DEBUG_INFO = NO;
				SDKROOT = iphoneos;
				TARGETED_DEVICE_FAMILY = "1,2";
				VALIDATE_PRODUCT = YES;
			};
			name = Release;
		};
		04F03A8A1C9BE249003A462A /* Debug */ = {
			isa = XCBuildConfiguration;
			buildSettings = {
				ASSETCATALOG_COMPILER_APPICON_NAME = AppIcon;
				INFOPLIST_FILE = SwiftBasisDemo/Info.plist;
				LD_RUNPATH_SEARCH_PATHS = "$(inherited) @executable_path/Frameworks";
				PRODUCT_BUNDLE_IDENTIFIER = ZXD.SwiftBasisDemo;
				PRODUCT_NAME = "$(TARGET_NAME)";
			};
			name = Debug;
		};
		04F03A8B1C9BE249003A462A /* Release */ = {
			isa = XCBuildConfiguration;
			buildSettings = {
				ASSETCATALOG_COMPILER_APPICON_NAME = AppIcon;
				INFOPLIST_FILE = SwiftBasisDemo/Info.plist;
				LD_RUNPATH_SEARCH_PATHS = "$(inherited) @executable_path/Frameworks";
				PRODUCT_BUNDLE_IDENTIFIER = ZXD.SwiftBasisDemo;
				PRODUCT_NAME = "$(TARGET_NAME)";
			};
			name = Release;
		};
		04F03A8D1C9BE249003A462A /* Debug */ = {
			isa = XCBuildConfiguration;
			buildSettings = {
				BUNDLE_LOADER = "$(TEST_HOST)";
				INFOPLIST_FILE = SwiftBasisDemoTests/Info.plist;
				LD_RUNPATH_SEARCH_PATHS = "$(inherited) @executable_path/Frameworks @loader_path/Frameworks";
				PRODUCT_BUNDLE_IDENTIFIER = ZXD.SwiftBasisDemoTests;
				PRODUCT_NAME = "$(TARGET_NAME)";
				TEST_HOST = "$(BUILT_PRODUCTS_DIR)/SwiftBasisDemo.app/SwiftBasisDemo";
			};
			name = Debug;
		};
		04F03A8E1C9BE249003A462A /* Release */ = {
			isa = XCBuildConfiguration;
			buildSettings = {
				BUNDLE_LOADER = "$(TEST_HOST)";
				INFOPLIST_FILE = SwiftBasisDemoTests/Info.plist;
				LD_RUNPATH_SEARCH_PATHS = "$(inherited) @executable_path/Frameworks @loader_path/Frameworks";
				PRODUCT_BUNDLE_IDENTIFIER = ZXD.SwiftBasisDemoTests;
				PRODUCT_NAME = "$(TARGET_NAME)";
				TEST_HOST = "$(BUILT_PRODUCTS_DIR)/SwiftBasisDemo.app/SwiftBasisDemo";
			};
			name = Release;
		};
		04F03A901C9BE249003A462A /* Debug */ = {
			isa = XCBuildConfiguration;
			buildSettings = {
				INFOPLIST_FILE = SwiftBasisDemoUITests/Info.plist;
				LD_RUNPATH_SEARCH_PATHS = "$(inherited) @executable_path/Frameworks @loader_path/Frameworks";
				PRODUCT_BUNDLE_IDENTIFIER = ZXD.SwiftBasisDemoUITests;
				PRODUCT_NAME = "$(TARGET_NAME)";
				TEST_TARGET_NAME = SwiftBasisDemo;
				USES_XCTRUNNER = YES;
			};
			name = Debug;
		};
		04F03A911C9BE249003A462A /* Release */ = {
			isa = XCBuildConfiguration;
			buildSettings = {
				INFOPLIST_FILE = SwiftBasisDemoUITests/Info.plist;
				LD_RUNPATH_SEARCH_PATHS = "$(inherited) @executable_path/Frameworks @loader_path/Frameworks";
				PRODUCT_BUNDLE_IDENTIFIER = ZXD.SwiftBasisDemoUITests;
				PRODUCT_NAME = "$(TARGET_NAME)";
				TEST_TARGET_NAME = SwiftBasisDemo;
				USES_XCTRUNNER = YES;
			};
			name = Release;
		};
/* End XCBuildConfiguration section */

/* Begin XCConfigurationList section */
		04F03A5C1C9BE249003A462A /* Build configuration list for PBXProject "SwiftBasisDemo" */ = {
			isa = XCConfigurationList;
			buildConfigurations = (
				04F03A871C9BE249003A462A /* Debug */,
				04F03A881C9BE249003A462A /* Release */,
			);
			defaultConfigurationIsVisible = 0;
			defaultConfigurationName = Release;
		};
		04F03A891C9BE249003A462A /* Build configuration list for PBXNativeTarget "SwiftBasisDemo" */ = {
			isa = XCConfigurationList;
			buildConfigurations = (
				04F03A8A1C9BE249003A462A /* Debug */,
				04F03A8B1C9BE249003A462A /* Release */,
			);
			defaultConfigurationIsVisible = 0;
			defaultConfigurationName = Release;
		};
		04F03A8C1C9BE249003A462A /* Build configuration list for PBXNativeTarget "SwiftBasisDemoTests" */ = {
			isa = XCConfigurationList;
			buildConfigurations = (
				04F03A8D1C9BE249003A462A /* Debug */,
				04F03A8E1C9BE249003A462A /* Release */,
			);
			defaultConfigurationIsVisible = 0;
			defaultConfigurationName = Release;
		};
		04F03A8F1C9BE249003A462A /* Build configuration list for PBXNativeTarget "SwiftBasisDemoUITests" */ = {
			isa = XCConfigurationList;
			buildConfigurations = (
				04F03A901C9BE249003A462A /* Debug */,
				04F03A911C9BE249003A462A /* Release */,
			);
			defaultConfigurationIsVisible = 0;
			defaultConfigurationName = Release;
		};
/* End XCConfigurationList section */
	};
	rootObject = 04F03A591C9BE249003A462A /* Project object */;
}
